format = 1
generated_at = "2026-09-30T00:00:00Z"

# Go dependencies are additionally locked by go.mod and go.sum. Normal builds
# never fetch the specification repositories. spec_lock_test.go verifies every
# vendored/generated digest offline; full-suite provenance remains a release gate.

[[source]]
name = "go-ethereum"
url = "https://github.com/ethereum/go-ethereum"
ref = "v1.17.6"
kind = "go-module"

[[source]]
name = "go-eth2-client"
url = "https://github.com/attestantio/go-eth2-client"
ref = "v0.29.0"
kind = "go-module"

[[source]]
name = "execution-apis"
url = "https://github.com/ethereum/execution-apis"
ref = "v1.0.0-beta.7"
commit = "5aebdfdd45cadeb723be4bd45b4611b71c8b1c85"
kind = "vendored-spec"
subset = "specs/upstream/execution-rpc-subset.json"
subset_sha256 = "138f2882b36cf88b16b2435d8df2da6feaaa3c1be96124e5b16a848322af687a"

[[source]]
name = "beacon-APIs"
url = "https://github.com/ethereum/beacon-APIs"
ref = "a3f065439204a19f6661a0ecfe18ac74e5f15bc0"
commit = "a3f065439204a19f6661a0ecfe18ac74e5f15bc0"
kind = "vendored-spec"
subset = "specs/upstream/beacon-api-subset.yaml"
subset_sha256 = "c383d4759b55265491277efb57013377e60e7bc96d7834cb8259e7b43231d132"
generated = "beacon_contract_generated.go"
generated_sha256 = "96b9750db2ab156e5f341c479b399cc87079702f2f323f519f959173f45e4431"

[[source]]
name = "consensus-specs"
url = "https://github.com/ethereum/consensus-specs"
ref = "v1.7.0-beta.2"
commit = "5afdff62889b1a13a5be804c8be8763abf1c8654"
kind = "vendored-preset"
subset = "specs/upstream/ethertest-minimal.yaml"
subset_sha256 = "c54fcc8260093c28e9c24ec01fd318f443abb4a078eb7ce92b8783d66eb2fca9"

[[source]]
name = "c-kzg-4844"
url = "https://github.com/ethereum/c-kzg-4844"
ref = "v2.1.5"
commit = "7043f4d4dd7cedf510294d1336a24522c423d09d"
kind = "vendored-test-vector"
subset = "testdata/vectors/c-kzg-4844-v2.1.5/verify_kzg_proof/correct_proof_0_0.yaml"
upstream_blob_sha1 = "346963993704c42386580f91e515f9ff72024cdd"
subset_sha256 = "205a35f8bd0fe266db8d3b3fa0744e8025a07ffc0f69946afec4f2be38cd6051"

[[source]]
name = "consensus-spec-tests"
url = "https://github.com/ethereum/consensus-spec-tests"
ref = "v1.6.0-beta.0"
commit = "bc5c1a7fb2a8871aaffd4b16ee4dd9c72bb81908"
kind = "vendored-test-vector"
subset = "testdata/vectors/consensus-spec-tests-v1.6.0-beta.0/beacon_block_header/case_0.json"
subset_sha256 = "745ebf7bece02fbec3301d63a53857f2d98610fe8fa8ffde77258fce7e3d53a9"

[[source]]
name = "execution-spec-tests"
url = "https://github.com/ethereum/execution-spec-tests"
ref = "10eaa63d5da2f50b63d4359968f36542212f9f50"
kind = "vendored-test-vector"
subset = "testdata/vectors/execution-spec-tests-eip4788/timestamp_sequences.json"
subset_sha256 = "db3c22489d1b569b347222742f8430fb4f26cb98657dce61b74b137d8d73b375"

[[source]]
name = "ssz-specs-gloas-reference"
url = "https://github.com/ethereum/ssz-specs"
ref = "608fa1b7d056021c66210e56454475b176c95914"
commit = "608fa1b7d056021c66210e56454475b176c95914"
kind = "reference-generated-test-vector"
subset = "testdata/vectors/gloas/generate.py"
subset_sha256 = "7520e395162e77856a7a0dd43bcbebce6a1b9e046730909b2c3e83e8edf800d6"
generated = "testdata/vectors/gloas/vectors.json"
generated_sha256 = "279e193f4faa5d9a51b1f02f2381b0fb5c7a2c5234b4cdcc685df0db4a9dda73"

[[source]]
name = "anvil-compatibility"
url = "https://github.com/foundry-rs/foundry"
ref = "v1.8.3"
commit = "cae51ad458f6abb64852b7709eb784352429825d"
kind = "vendored-contract"
subset = "specs/upstream/anvil-compatibility.json"
subset_sha256 = "0bf56a4631a3ba5bccc2aa5932782fccb0122dde1c0190aa2a17c7d7a8da85ed"
